Microsoft Visual Studio Solution File, Format Version 12.00
# Visual Studio Version 17
VisualStudioVersion = 17.5.2.0
MinimumVisualStudioVersion = 10.0.40219.1
Project("{FAE04EC0-301F-11D3-BF4B-00C04F79EFBC}") = "rr-events", "rr-events.csproj", "{5D14DE82-4D75-F6B7-0002-62CC0B1C81B6}"
EndProject
Global
	GlobalSection(SolutionConfigurationPlatforms) = preSolution
		Debug|Any CPU = Debug|Any CPU
		Release|Any CPU = Release|Any CPU
	EndGlobalSection
	GlobalSection(ProjectConfigurationPlatforms) = postSolution
		{5D14DE82-4D75-F6B7-0002-62CC0B1C81B6}.Debug|Any CPU.ActiveCfg = Debug|Any CPU
		{5D14DE82-4D75-F6B7-0002-62CC0B1C81B6}.Debug|Any CPU.Build.0 = Debug|Any CPU
		{5D14DE82-4D75-F6B7-0002-62CC0B1C81B6}.Release|Any CPU.ActiveCfg = Release|Any CPU
		{5D14DE82-4D75-F6B7-0002-62CC0B1C81B6}.Release|Any CPU.Build.0 = Release|Any CPU
	EndGlobalSection
	GlobalSection(SolutionProperties) = preSolution
		HideSolutionNode = FALSE
	EndGlobalSection
	GlobalSection(ExtensibilityGlobals) = postSolution
		SolutionGuid = {6EEF8F4A-FAC9-4635-8AB0-6D6453A98A2F}
	EndGlobalSection
EndGlobal
